// !$*UTF8*$!
{
	archiveVersion = 1;
	classes = {
	};
	objectVersion = 46;
	objects = {

/* Begin PBXBuildFile section */
		F2A72E0719C28B9B009349C0 /* AppDelegate.swift in Sources */ = {isa = PBXBuildFile; fileRef = F2A72E0619C28B9B009349C0 /* AppDelegate.swift */; };
		F2A72E0919C28B9B009349C0 /* ViewController.swift in Sources */ = {isa = PBXBuildFile; fileRef = F2A72E0819C28B9B009349C0 /* ViewController.swift */; };
		F2A72E0C19C28B9B009349C0 /* Main.storyboard in Resources */ = {isa = PBXBuildFile; fileRef = F2A72E0A19C28B9B009349C0 /* Main.storyboard */; };
		F2A72E0E19C28B9B009349C0 /* Images.xcassets in Resources */ = {isa = PBXBuildFile; fileRef = F2A72E0D19C28B9B009349C0 /* Images.xcassets */; };
		F2A72E1119C28B9B009349C0 /* LaunchScreen.xib in Resources */ = {isa = PBXBuildFile; fileRef = F2A72E0F19C28B9B009349C0 /* LaunchScreen.xib */; };
		F2A72E1D19C28B9B009349C0 /* PostcardTests.swift in Sources */ = {isa = PBXBuildFile; fileRef = F2A72E1C19C28B9B009349C0 /* PostcardTests.swift */; };
		F2A72E2719C28C84009349C0 /* SagradaFamilia.jpeg in Resources */ = {isa = PBXBuildFile; fileRef = F2A72E2619C28C84009349C0 /* SagradaFamilia.jpeg */; };
		F2A72E2919C290DC009349C0 /* AlbertEinsteinStamp.jpg in Resources */ = {isa = PBXBuildFile; fileRef = F2A72E2819C290DC009349C0 /* AlbertEinsteinStamp.jpg */; };
/* End PBXBuildFile section */

/* Begin PBXContainerItemProxy section */
		F2A72E1719C28B9B009349C0 /* PBXContainerItemProxy */ = {
			isa = PBXContainerItemProxy;
			containerPortal = F2A72DF919C28B9B009349C0 /* Project object */;
			proxyType = 1;
			remoteGlobalIDString = F2A72E0019C28B9B009349C0;
			remoteInfo = Postcard;
		};
/* End PBXContainerItemProxy section */

/* Begin PBXFileReference section */
		F2A72E0119C28B9B009349C0 /* Postcard.app */ = {isa = PBXFileReference; explicitFileType = wrapper.application; includeInIndex = 0; path = Postcard.app; sourceTree = BUILT_PRODUCTS_DIR; };
		F2A72E0519C28B9B009349C0 /* Info.plist */ = {isa = PBXFileReference; lastKnownFileType = text.plist.xml; path = Info.plist; sourceTree = "<group>"; };
		F2A72E0619C28B9B009349C0 /* AppDelegate.swift */ = {isa = PBXFileReference; lastKnownFileType = sourcecode.swift; path = AppDelegate.swift; sourceTree = "<group>"; };
		F2A72E0819C28B9B009349C0 /* ViewController.swift */ = {isa = PBXFileReference; lastKnownFileType = sourcecode.swift; path = ViewController.swift; sourceTree = "<group>"; };
		F2A72E0B19C28B9B009349C0 /* Base */ = {isa = PBXFileReference; lastKnownFileType = file.storyboard; name = Base; path = Base.lproj/Main.storyboard; sourceTree = "<group>"; };
		F2A72E0D19C28B9B009349C0 /* Images.xcassets */ = {isa = PBXFileReference; lastKnownFileType = folder.assetcatalog; path = Images.xcassets; sourceTree = "<group>"; };
		F2A72E1019C28B9B009349C0 /* Base */ = {isa = PBXFileReference; lastKnownFileType = file.xib; name = Base; path = Base.lproj/LaunchScreen.xib; sourceTree = "<group>"; };
		F2A72E1619C28B9B009349C0 /* PostcardTests.xctest */ = {isa = PBXFileReference; explicitFileType = wrapper.cfbundle; includeInIndex = 0; path = PostcardTests.xctest; sourceTree = BUILT_PRODUCTS_DIR; };
		F2A72E1B19C28B9B009349C0 /* Info.plist */ = {isa = PBXFileReference; lastKnownFileType = text.plist.xml; path = Info.plist; sourceTree = "<group>"; };
		F2A72E1C19C28B9B009349C0 /* PostcardTests.swift */ = {isa = PBXFileReference; lastKnownFileType = sourcecode.swift; path = PostcardTests.swift; sourceTree = "<group>"; };
		F2A72E2619C28C84009349C0 /* SagradaFamilia.jpeg */ = {isa = PBXFileReference; lastKnownFileType = image.jpeg; path = SagradaFamilia.jpeg; sourceTree = "<group>"; };
		F2A72E2819C290DC009349C0 /* AlbertEinsteinStamp.jpg */ = {isa = PBXFileReference; lastKnownFileType = image.jpeg; path = AlbertEinsteinStamp.jpg; sourceTree = "<group>"; };
/* End PBXFileReference section */

/* Begin PBXFrameworksBuildPhase section */
		F2A72DFE19C28B9B009349C0 /* Frameworks */ = {
			isa = PBXFrameworksBuildPhase;
			buildActionMask = 2147483647;
			files = (
			);
			runOnlyForDeploymentPostprocessing = 0;
		};
		F2A72E1319C28B9B009349C0 /* Frameworks */ = {
			isa = PBXFrameworksBuildPhase;
			buildActionMask = 2147483647;
			files = (
			);
			runOnlyForDeploymentPostprocessing = 0;
		};
/* End PBXFrameworksBuildPhase section */

/* Begin PBXGroup section */
		F2A72DF819C28B9B009349C0 = {
			isa = PBXGroup;
			children = (
				F2A72E0319C28B9B009349C0 /* Postcard */,
				F2A72E1919C28B9B009349C0 /* PostcardTests */,
				F2A72E0219C28B9B009349C0 /* Products */,
			);
			sourceTree = "<group>";
		};
		F2A72E0219C28B9B009349C0 /* Products */ = {
			isa = PBXGroup;
			children = (
				F2A72E0119C28B9B009349C0 /* Postcard.app */,
				F2A72E1619C28B9B009349C0 /* PostcardTests.xctest */,
			);
			name = Products;
			sourceTree = "<group>";
		};
		F2A72E0319C28B9B009349C0 /* Postcard */ = {
			isa = PBXGroup;
			children = (
				F2A72E0619C28B9B009349C0 /* AppDelegate.swift */,
				F2A72E0819C28B9B009349C0 /* ViewController.swift */,
				F2A72E0A19C28B9B009349C0 /* Main.storyboard */,
				F2A72E0D19C28B9B009349C0 /* Images.xcassets */,
				F2A72E0F19C28B9B009349C0 /* LaunchScreen.xib */,
				F2A72E0419C28B9B009349C0 /* Supporting Files */,
			);
			path = Postcard;
			sourceTree = "<group>";
		};
		F2A72E0419C28B9B009349C0 /* Supporting Files */ = {
			isa = PBXGroup;
			children = (
				F2A72E2819C290DC009349C0 /* AlbertEinsteinStamp.jpg */,
				F2A72E2619C28C84009349C0 /* SagradaFamilia.jpeg */,
				F2A72E0519C28B9B009349C0 /* Info.plist */,
			);
			name = "Supporting Files";
			sourceTree = "<group>";
		};
		F2A72E1919C28B9B009349C0 /* PostcardTests */ = {
			isa = PBXGroup;
			children = (
				F2A72E1C19C28B9B009349C0 /* PostcardTests.swift */,
				F2A72E1A19C28B9B009349C0 /* Supporting Files */,
			);
			path = PostcardTests;
			sourceTree = "<group>";
		};
		F2A72E1A19C28B9B009349C0 /* Supporting Files */ = {
			isa = PBXGroup;
			children = (
				F2A72E1B19C28B9B009349C0 /* Info.plist */,
			);
			name = "Supporting Files";
			sourceTree = "<group>";
		};
/* End PBXGroup section */

/* Begin PBXNativeTarget section */
		F2A72E0019C28B9B009349C0 /* Postcard */ = {
			isa = PBXNativeTarget;
			buildConfigurationList = F2A72E2019C28B9B009349C0 /* Build configuration list for PBXNativeTarget "Postcard" */;
			buildPhases = (
				F2A72DFD19C28B9B009349C0 /* Sources */,
				F2A72DFE19C28B9B009349C0 /* Frameworks */,
				F2A72DFF19C28B9B009349C0 /* Resources */,
			);
			buildRules = (
			);
			dependencies = (
			);
			name = Postcard;
			productName = Postcard;
			productReference = F2A72E0119C28B9B009349C0 /* Postcard.app */;
			productType = "com.apple.product-type.application";
		};
		F2A72E1519C28B9B009349C0 /* PostcardTests */ = {
			isa = PBXNativeTarget;
			buildConfigurationList = F2A72E2319C28B9B009349C0 /* Build configuration list for PBXNativeTarget "PostcardTests" */;
			buildPhases = (
				F2A72E1219C28B9B009349C0 /* Sources */,
				F2A72E1319C28B9B009349C0 /* Frameworks */,
				F2A72E1419C28B9B009349C0 /* Resources */,
			);
			buildRules = (
			);
			dependencies = (
				F2A72E1819C28B9B009349C0 /* PBXTargetDependency */,
			);
			name = PostcardTests;
			productName = PostcardTests;
			productReference = F2A72E1619C28B9B009349C0 /* PostcardTests.xctest */;
			productType = "com.apple.product-type.bundle.unit-test";
		};
/* End PBXNativeTarget section */

/* Begin PBXProject section */
		F2A72DF919C28B9B009349C0 /* Project object */ = {
			isa = PBXProject;
			attributes = {
				LastUpgradeCheck = 0600;
				ORGANIZATIONNAME = "Franz Froehlich";
				TargetAttributes = {
					F2A72E0019C28B9B009349C0 = {
						CreatedOnToolsVersion = 6.0;
					};
					F2A72E1519C28B9B009349C0 = {
						CreatedOnToolsVersion = 6.0;
						TestTargetID = F2A72E0019C28B9B009349C0;
					};
				};
			};
			buildConfigurationList = F2A72DFC19C28B9B009349C0 /* Build configuration list for PBXProject "Postcard" */;
			compatibilityVersion = "Xcode 3.2";
			developmentRegion = English;
			hasScannedForEncodings = 0;
			knownRegions = (
				en,
				Base,
			);
			mainGroup = F2A72DF819C28B9B009349C0;
			productRefGroup = F2A72E0219C28B9B009349C0 /* Products */;
			projectDirPath = "";
			projectRoot = "";
			targets = (
				F2A72E0019C28B9B009349C0 /* Postcard */,
				F2A72E1519C28B9B009349C0 /* PostcardTests */,
			);
		};
/* End PBXProject section */

/* Begin PBXResourcesBuildPhase section */
		F2A72DFF19C28B9B009349C0 /* Resources */ = {
			isa = PBXResourcesBuildPhase;
			buildActionMask = 2147483647;
			files = (
				F2A72E0C19C28B9B009349C0 /* Main.storyboard in Resources */,
				F2A72E2719C28C84009349C0 /* SagradaFamilia.jpeg in Resources */,
				F2A72E2919C290DC009349C0 /* AlbertEinsteinStamp.jpg in Resources */,
				F2A72E1119C28B9B009349C0 /* LaunchScreen.xib in Resources */,
				F2A72E0E19C28B9B009349C0 /* Images.xcassets in Resources */,
			);
			runOnlyForDeploymentPostprocessing = 0;
		};
		F2A72E1419C28B9B009349C0 /* Resources */ = {
			isa = PBXResourcesBuildPhase;
			buildActionMask = 2147483647;
			files = (
			);
			runOnlyForDeploymentPostprocessing = 0;
		};
/* End PBXResourcesBuildPhase section */

/* Begin PBXSourcesBuildPhase section */
		F2A72DFD19C28B9B009349C0 /* Sources */ = {
			isa = PBXSourcesBuildPhase;
			buildActionMask = 2147483647;
			files = (
				F2A72E0919C28B9B009349C0 /* ViewController.swift in Sources */,
				F2A72E0719C28B9B009349C0 /* AppDelegate.swift in Sources */,
			);
			runOnlyForDeploymentPostprocessing = 0;
		};
		F2A72E1219C28B9B009349C0 /* Sources */ = {
			isa = PBXSourcesBuildPhase;
			buildActionMask = 2147483647;
			files = (
				F2A72E1D19C28B9B009349C0 /* PostcardTests.swift in Sources */,
			);
			runOnlyForDeploymentPostprocessing = 0;
		};
/* End PBXSourcesBuildPhase section */

/* Begin PBXTargetDependency section */
		F2A72E1819C28B9B009349C0 /* PBXTargetDependency */ = {
			isa = PBXTargetDependency;
			target = F2A72E0019C28B9B009349C0 /* Postcard */;
			targetProxy = F2A72E1719C28B9B009349C0 /* PBXContainerItemProxy */;
		};
/* End PBXTargetDependency section */

/* Begin PBXVariantGroup section */
		F2A72E0A19C28B9B009349C0 /* Main.storyboard */ = {
			isa = PBXVariantGroup;
			children = (
				F2A72E0B19C28B9B009349C0 /* Base */,
			);
			name = Main.storyboard;
			sourceTree = "<group>";
		};
		F2A72E0F19C28B9B009349C0 /* LaunchScreen.xib */ = {
			isa = PBXVariantGroup;
			children = (
				F2A72E1019C28B9B009349C0 /* Base */,
			);
			name = LaunchScreen.xib;
			sourceTree = "<group>";
		};
/* End PBXVariantGroup section */

/* Begin XCBuildConfiguration section */
		F2A72E1E19C28B9B009349C0 /* Debug */ = {
			isa = XCBuildConfiguration;
			buildSettings = {
				ALWAYS_SEARCH_USER_PATHS = NO;
				CLANG_CXX_LANGUAGE_STANDARD = "gnu++0x";
				CLANG_CXX_LIBRARY = "libc++";
				CLANG_ENABLE_MODULES = YES;
				CLANG_ENABLE_OBJC_ARC = YES;
				CLANG_WARN_BOOL_CONVERSION = YES;
				CLANG_WARN_CONSTANT_CONVERSION = YES;
				CLANG_WARN_DIRECT_OBJC_ISA_USAGE = YES_ERROR;
				CLANG_WARN_EMPTY_BODY = YES;
				CLANG_WARN_ENUM_CONVERSION = YES;
				CLANG_WARN_INT_CONVERSION = YES;
				CLANG_WARN_OBJC_ROOT_CLASS = YES_ERROR;
				CLANG_WARN_UNREACHABLE_CODE = YES;
				CLANG_WARN__DUPLICATE_METHOD_MATCH = YES;
				"CODE_SIGN_IDENTITY[sdk=iphoneos*]" = "iPhone Developer";
				COPY_PHASE_STRIP = NO;
				ENABLE_STRICT_OBJC_MSGSEND = YES;
				GCC_C_LANGUAGE_STANDARD = gnu99;
				GCC_DYNAMIC_NO_PIC = NO;
				GCC_OPTIMIZATION_LEVEL = 0;
				GCC_PREPROCESSOR_DEFINITIONS = (
					"DEBUG=1",
					"$(inherited)",
				);
				GCC_SYMBOLS_PRIVATE_EXTERN = NO;
				GCC_WARN_64_TO_32_BIT_CONVERSION = YES;
				GCC_WARN_ABOUT_RETURN_TYPE = YES_ERROR;
				GCC_WARN_UNDECLARED_SELECTOR = YES;
				GCC_WARN_UNINITIALIZED_AUTOS = YES_AGGRESSIVE;
				GCC_WARN_UNUSED_FUNCTION = YES;
				GCC_WARN_UNUSED_VARIABLE = YES;
				IPHONEOS_DEPLOYMENT_TARGET = 8.0;
				MTL_ENABLE_DEBUG_INFO = YES;
				ONLY_ACTIVE_ARCH = YES;
				SDKROOT = iphoneos;
				SWIFT_OPTIMIZATION_LEVEL = "-Onone";
			};
			name = Debug;
		};
		F2A72E1F19C28B9B009349C0 /* Release */ = {
			isa = XCBuildConfiguration;
			buildSettings = {
				ALWAYS_SEARCH_USER_PATHS = NO;
				CLANG_CXX_LANGUAGE_STANDARD = "gnu++0x";
				CLANG_CXX_LIBRARY = "libc++";
				CLANG_ENABLE_MODULES = YES;
				CLANG_ENABLE_OBJC_ARC = YES;
				CLANG_WARN_BOOL_CONVERSION = YES;
				CLANG_WARN_CONSTANT_CONVERSION = YES;
				CLANG_WARN_DIRECT_OBJC_ISA_USAGE = YES_ERROR;
				CLANG_WARN_EMPTY_BODY = YES;
				CLANG_WARN_ENUM_CONVERSION = YES;
				CLANG_WARN_INT_CONVERSION = YES;
				CLANG_WARN_OBJC_ROOT_CLASS = YES_ERROR;
				CLANG_WARN_UNREACHABLE_CODE = YES;
				CLANG_WARN__DUPLICATE_METHOD_MATCH = YES;
				"CODE_SIGN_IDENTITY[sdk=iphoneos*]" = "iPhone Developer";
				COPY_PHASE_STRIP = YES;
				ENABLE_NS_ASSERTIONS = NO;
				ENABLE_STRICT_OBJC_MSGSEND = YES;
				GCC_C_LANGUAGE_STANDARD = gnu99;
				GCC_WARN_64_TO_32_BIT_CONVERSION = YES;
				GCC_WARN_ABOUT_RETURN_TYPE = YES_ERROR;
				GCC_WARN_UNDECLARED_SELECTOR = YES;
				GCC_WARN_UNINITIALIZED_AUTOS = YES_AGGRESSIVE;
				GCC_WARN_UNUSED_FUNCTION = YES;
				GCC_WARN_UNUSED_VARIABLE = YES;
				IPHONEOS_DEPLOYMENT_TARGET = 8.0;
				MTL_ENABLE_DEBUG_INFO = NO;
				SDKROOT = iphoneos;
				VALIDATE_PRODUCT = YES;
			};
			name = Release;
		};
		F2A72E2119C28B9B009349C0 /* Debug */ = {
			isa = XCBuildConfiguration;
			buildSettings = {
				ASSETCATALOG_COMPILER_APPICON_NAME = AppIcon;
				INFOPLIST_FILE = Postcard/Info.plist;
				LD_RUNPATH_SEARCH_PATHS = "$(inherited) @executable_path/Frameworks";
				PRODUCT_NAME = "$(TARGET_NAME)";
			};
			name = Debug;
		};
		F2A72E2219C28B9B009349C0 /* Release */ = {
			isa = XCBuildConfiguration;
			buildSettings = {
				ASSETCATALOG_COMPILER_APPICON_NAME = AppIcon;
				INFOPLIST_FILE = Postcard/Info.plist;
				LD_RUNPATH_SEARCH_PATHS = "$(inherited) @executable_path/Frameworks";
				PRODUCT_NAME = "$(TARGET_NAME)";
			};
			name = Release;
		};
		F2A72E2419C28B9B009349C0 /* Debug */ = {
			isa = XCBuildConfiguration;
			buildSettings = {
				BUNDLE_LOADER = "$(TEST_HOST)";
				FRAMEWORK_SEARCH_PATHS = (
					"$(SDKROOT)/Developer/Library/Frameworks",
					"$(inherited)",
				);
				GCC_PREPROCESSOR_DEFINITIONS = (
					"DEBUG=1",
					"$(inherited)",
				);
				INFOPLIST_FILE = PostcardTests/Info.plist;
				LD_RUNPATH_SEARCH_PATHS = "$(inherited) @executable_path/Frameworks @loader_path/Frameworks";
				PRODUCT_NAME = "$(TARGET_NAME)";
				TEST_HOST = "$(BUILT_PRODUCTS_DIR)/Postcard.app/Postcard";
			};
			name = Debug;
		};
		F2A72E2519C28B9B009349C0 /* Release */ = {
			isa = XCBuildConfiguration;
			buildSettings = {
				BUNDLE_LOADER = "$(TEST_HOST)";
				FRAMEWORK_SEARCH_PATHS = (
					"$(SDKROOT)/Developer/Library/Frameworks",
					"$(inherited)",
				);
				INFOPLIST_FILE = PostcardTests/Info.plist;
				LD_RUNPATH_SEARCH_PATHS = "$(inherited) @executable_path/Frameworks @loader_path/Frameworks";
				PRODUCT_NAME = "$(TARGET_NAME)";
				TEST_HOST = "$(BUILT_PRODUCTS_DIR)/Postcard.app/Postcard";
			};
			name = Release;
		};
/* End XCBuildConfiguration section */

/* Begin XCConfigurationList section */
		F2A72DFC19C28B9B009349C0 /* Build configuration list for PBXProject "Postcard" */ = {
			isa = XCConfigurationList;
			buildConfigurations = (
				F2A72E1E19C28B9B009349C0 /* Debug */,
				F2A72E1F19C28B9B009349C0 /* Release */,
			);
			defaultConfigurationIsVisible = 0;
			defaultConfigurationName = Release;
		};
		F2A72E2019C28B9B009349C0 /* Build configuration list for PBXNativeTarget "Postcard" */ = {
			isa = XCConfigurationList;
			buildConfigurations = (
				F2A72E2119C28B9B009349C0 /* Debug */,
				F2A72E2219C28B9B009349C0 /* Release */,
			);
			defaultConfigurationIsVisible = 0;
		};
		F2A72E2319C28B9B009349C0 /* Build configuration list for PBXNativeTarget "PostcardTests" */ = {
			isa = XCConfigurationList;
			buildConfigurations = (
				F2A72E2419C28B9B009349C0 /* Debug */,
				F2A72E2519C28B9B009349C0 /* Release */,
			);
			defaultConfigurationIsVisible = 0;
		};
/* End XCConfigurationList section */
	};
	rootObject = F2A72DF919C28B9B009349C0 /* Project object */;
}
